
Microsoft Visual Studio Solution File, Format Version 12.00
# Visual Studio 15
VisualStudioVersion = 15.0.27004.2009
MinimumVisualStudioVersion = 10.0.40219.1
Project("{2150E333-8FDC-42A3-9474-1A3956D46DE8}") = "src", "src", "{D2C7F467-575F-4B87-8E90-C6E2AA2D1D3F}"
EndProject
Project("{2150E333-8FDC-42A3-9474-1A3956D46DE8}") = "test", "test", "{ACBD42C9-A208-49A4-8CFF-7C268765C06E}"
EndProject
Project("{2150E333-8FDC-42A3-9474-1A3956D46DE8}") = "Services", "Services", "{CEB8DAC8-9F58-4EB1-8DAF-4FCED90B4AD9}"
EndProject
Project("{2150E333-8FDC-42A3-9474-1A3956D46DE8}") = "Web Apps", "Web Apps", "{841278A2-05F4-4BDD-B3C0-1F8C44195F74}"
EndProject
Project("{2150E333-8FDC-42A3-9474-1A3956D46DE8}") = "Product", "Product", "{6FBF6E1E-8D78-41AE-B426-2F1EF01C0F2F}"
EndProject
Project("{2150E333-8FDC-42A3-9474-1A3956D46DE8}") = "Ordering", "Ordering", "{6E4DD21B-D7B1-4AD7-8C6B-77B6011118B3}"
EndProject
Project("{2150E333-8FDC-42A3-9474-1A3956D46DE8}") = "Identity", "Identity", "{9407BEE4-06C7-413C-AFE5-8457377FCBD7}"
EndProject
Project("{2150E333-8FDC-42A3-9474-1A3956D46DE8}") = "Basket", "Basket", "{5311DE70-37D8-4C16-A31B-EA59046E0270}"
EndProject
Project("{FAE04EC0-301F-11D3-BF4B-00C04F79EFBC}") = "Product.API", "Product.API\Product.API.csproj", "{84721A99-BB0B-4441-B8DA-EC81D24ED0D8}"
EndProject
Project("{2150E333-8FDC-42A3-9474-1A3956D46DE8}") = "BuildingBlocks", "BuildingBlocks", "{C86AA30F-64FE-48E7-8B9A-07641161B5DF}"
EndProject
Project("{2150E333-8FDC-42A3-9474-1A3956D46DE8}") = "EventBus", "EventBus", "{BD75CC3A-2975-42C5-9EEE-631665D636B4}"
EndProject
Project("{FAE04EC0-301F-11D3-BF4B-00C04F79EFBC}") = "EventBusLib", "EventBusLib\EventBusLib.csproj", "{18E2C0C2-E598-468B-A216-F3164A758E8E}"
EndProject
Project("{FAE04EC0-301F-11D3-BF4B-00C04F79EFBC}") = "Ordering.API", "Ordering.API\Ordering.API.csproj", "{E5603E57-2F68-4548-B476-0CAEB5802B1F}"
EndProject
Project("{2150E333-8FDC-42A3-9474-1A3956D46DE8}") = "sample", "sample", "{AD17DCCC-15E3-4657-8F57-7F3D117C01FE}"
EndProject
Project("{9A19103F-16F7-4668-BE54-9A1E7A4F7556}") = "Product.API", "Sample\1-memory-repo-webapi\Product.API\Product.API.csproj", "{4809E3F7-3A1E-4418-B0F4-8B75AAA9E6FE}"
EndProject
Project("{2150E333-8FDC-42A3-9474-1A3956D46DE8}") = "1-memory-repo-webapi", "1-memory-repo-webapi", "{90E94120-EDC1-4611-B14C-E46C0649077D}"
EndProject
Global
	GlobalSection(SolutionConfigurationPlatforms) = preSolution
		Debug|Any CPU = Debug|Any CPU
		Release|Any CPU = Release|Any CPU
	EndGlobalSection
	GlobalSection(ProjectConfigurationPlatforms) = postSolution
		{84721A99-BB0B-4441-B8DA-EC81D24ED0D8}.Debug|Any CPU.ActiveCfg = Debug|Any CPU
		{84721A99-BB0B-4441-B8DA-EC81D24ED0D8}.Debug|Any CPU.Build.0 = Debug|Any CPU
		{84721A99-BB0B-4441-B8DA-EC81D24ED0D8}.Release|Any CPU.ActiveCfg = Release|Any CPU
		{84721A99-BB0B-4441-B8DA-EC81D24ED0D8}.Release|Any CPU.Build.0 = Release|Any CPU
		{18E2C0C2-E598-468B-A216-F3164A758E8E}.Debug|Any CPU.ActiveCfg = Debug|Any CPU
		{18E2C0C2-E598-468B-A216-F3164A758E8E}.Debug|Any CPU.Build.0 = Debug|Any CPU
		{18E2C0C2-E598-468B-A216-F3164A758E8E}.Release|Any CPU.ActiveCfg = Release|Any CPU
		{18E2C0C2-E598-468B-A216-F3164A758E8E}.Release|Any CPU.Build.0 = Release|Any CPU
		{E5603E57-2F68-4548-B476-0CAEB5802B1F}.Debug|Any CPU.ActiveCfg = Debug|Any CPU
		{E5603E57-2F68-4548-B476-0CAEB5802B1F}.Debug|Any CPU.Build.0 = Debug|Any CPU
		{E5603E57-2F68-4548-B476-0CAEB5802B1F}.Release|Any CPU.ActiveCfg = Release|Any CPU
		{E5603E57-2F68-4548-B476-0CAEB5802B1F}.Release|Any CPU.Build.0 = Release|Any CPU
		{4809E3F7-3A1E-4418-B0F4-8B75AAA9E6FE}.Debug|Any CPU.ActiveCfg = Debug|Any CPU
		{4809E3F7-3A1E-4418-B0F4-8B75AAA9E6FE}.Debug|Any CPU.Build.0 = Debug|Any CPU
		{4809E3F7-3A1E-4418-B0F4-8B75AAA9E6FE}.Release|Any CPU.ActiveCfg = Release|Any CPU
		{4809E3F7-3A1E-4418-B0F4-8B75AAA9E6FE}.Release|Any CPU.Build.0 = Release|Any CPU
	EndGlobalSection
	GlobalSection(SolutionProperties) = preSolution
		HideSolutionNode = FALSE
	EndGlobalSection
	GlobalSection(NestedProjects) = preSolution
		{CEB8DAC8-9F58-4EB1-8DAF-4FCED90B4AD9} = {D2C7F467-575F-4B87-8E90-C6E2AA2D1D3F}
		{841278A2-05F4-4BDD-B3C0-1F8C44195F74} = {D2C7F467-575F-4B87-8E90-C6E2AA2D1D3F}
		{6FBF6E1E-8D78-41AE-B426-2F1EF01C0F2F} = {CEB8DAC8-9F58-4EB1-8DAF-4FCED90B4AD9}
		{6E4DD21B-D7B1-4AD7-8C6B-77B6011118B3} = {CEB8DAC8-9F58-4EB1-8DAF-4FCED90B4AD9}
		{9407BEE4-06C7-413C-AFE5-8457377FCBD7} = {CEB8DAC8-9F58-4EB1-8DAF-4FCED90B4AD9}
		{5311DE70-37D8-4C16-A31B-EA59046E0270} = {CEB8DAC8-9F58-4EB1-8DAF-4FCED90B4AD9}
		{84721A99-BB0B-4441-B8DA-EC81D24ED0D8} = {6FBF6E1E-8D78-41AE-B426-2F1EF01C0F2F}
		{C86AA30F-64FE-48E7-8B9A-07641161B5DF} = {D2C7F467-575F-4B87-8E90-C6E2AA2D1D3F}
		{BD75CC3A-2975-42C5-9EEE-631665D636B4} = {C86AA30F-64FE-48E7-8B9A-07641161B5DF}
		{18E2C0C2-E598-468B-A216-F3164A758E8E} = {BD75CC3A-2975-42C5-9EEE-631665D636B4}
		{E5603E57-2F68-4548-B476-0CAEB5802B1F} = {6E4DD21B-D7B1-4AD7-8C6B-77B6011118B3}
		{4809E3F7-3A1E-4418-B0F4-8B75AAA9E6FE} = {90E94120-EDC1-4611-B14C-E46C0649077D}
		{90E94120-EDC1-4611-B14C-E46C0649077D} = {AD17DCCC-15E3-4657-8F57-7F3D117C01FE}
	EndGlobalSection
	GlobalSection(ExtensibilityGlobals) = postSolution
		SolutionGuid = {59B71CF8-AFA6-4C4F-95E6-06CDB12163CF}
	EndGlobalSection
EndGlobal
